{
    "hash": "7bda597c2d47d9adb4c3d59ed89feb00",
    "packages": [

    ],
    "packages-dev": [
        {
            "package": "mockery/mockery",
            "version": "0.7.2"
        },
        {
            "package": "phpspec/phpspec2",
            "version": "dev-master",
            "source-reference": "7d63f6d0fb37413a88db199f9cedd34e9555ba4b",
            "commit-date": "1347102084"
        },
        {
            "package": "symfony/console",
            "version": "v2.1.0"
        },
        {
            "package": "symfony/event-dispatcher",
            "version": "v2.1.0"
        },
        {
            "package": "symfony/finder",
            "version": "v2.1.0"
        }
    ],
    "aliases": [

    ],
    "minimum-stability": "stable",
    "stability-flags": {
        "phpspec/phpspec2": 20
    }
}
