{
    "hash": "382dafe58f59b299cdb5673720e2bf60",
    "packages": [
        {
            "package": "fzaninotto/faker",
            "version": "v1.0.0"
        },
        {
            "package": "pimple/pimple",
            "version": "dev-master",
            "source-reference": "db836b8cfadc0f39dacafa2bf311a1ab603600bb",
            "commit-date": "1343051648"
        }
    ],
    "packages-dev": [
        {
            "package": "mockery/mockery",
            "version": "0.7.2"
        },
        {
            "package": "phpspec/phpspec2",
            "version": "dev-master",
            "source-reference": "5b2a68f77b3be97285240b6eaf91bc2d252ce53c",
            "commit-date": "1347263775"
        },
        {
            "package": "symfony/console",
            "version": "v2.1.0"
        },
        {
            "package": "symfony/event-dispatcher",
            "version": "v2.1.0"
        },
        {
            "package": "symfony/finder",
            "version": "v2.1.0"
        }
    ],
    "aliases": [

    ],
    "minimum-stability": "stable",
    "stability-flags": {
        "pimple/pimple": 20,
        "phpspec/phpspec2": 20
    }
}
